
Microsoft Visual Studio Solution File, Format Version 12.00
# Visual Studio 2012
Project("{FAE04EC0-301F-11D3-BF4B-00C04F79EFBC}") = "snippet_代码片段", "snippet_代码片段\snippet_代码片段.csproj", "{7559B1A7-7EDD-4C9F-A189-FDD7BD34183D}"
EndProject
Global
	GlobalSection(SolutionConfigurationPlatforms) = preSolution
		Debug|Any CPU = Debug|Any CPU
		Release|Any CPU = Release|Any CPU
	EndGlobalSection
	GlobalSection(ProjectConfigurationPlatforms) = postSolution
		{7559B1A7-7EDD-4C9F-A189-FDD7BD34183D}.Debug|Any CPU.ActiveCfg = Debug|Any CPU
		{7559B1A7-7EDD-4C9F-A189-FDD7BD34183D}.Debug|Any CPU.Build.0 = Debug|Any CPU
		{7559B1A7-7EDD-4C9F-A189-FDD7BD34183D}.Release|Any CPU.ActiveCfg = Release|Any CPU
		{7559B1A7-7EDD-4C9F-A189-FDD7BD34183D}.Release|Any CPU.Build.0 = Release|Any CPU
	EndGlobalSection
	GlobalSection(SolutionProperties) = preSolution
		HideSolutionNode = FALSE
	EndGlobalSection
EndGlobal
